[root]
name = "opengl-practice"
version = "0.0.1"
dependencies = [
 "gl 0.0.6 (git+https://github.com/bjz/gl-rs.git)",
 "glfw 0.0.1 (git+https://github.com/bjz/glfw-rs.git)",
]

[[package]]
name = "bitflags"
version = "0.1.0"
source = "registry+https://github.com/rust-lang/crates.io-index"

[[package]]
name = "gl"
version = "0.0.6"
source = "git+https://github.com/bjz/gl-rs.git#79933ec9beaf6aedeff8d7bafddadfde7d9d5021"
dependencies = [
 "gl_common 0.0.3 (git+https://github.com/bjz/gl-rs.git)",
 "gl_generator 0.0.12 (git+https://github.com/bjz/gl-rs.git)",
 "khronos_api 0.0.5 (git+https://github.com/bjz/gl-rs.git)",
]

[[package]]
name = "gl_common"
version = "0.0.3"
source = "git+https://github.com/bjz/gl-rs.git#79933ec9beaf6aedeff8d7bafddadfde7d9d5021"

[[package]]
name = "gl_generator"
version = "0.0.12"
source = "git+https://github.com/bjz/gl-rs.git#79933ec9beaf6aedeff8d7bafddadfde7d9d5021"
dependencies = [
 "gl_common 0.0.3 (git+https://github.com/bjz/gl-rs.git)",
 "khronos_api 0.0.5 (git+https://github.com/bjz/gl-rs.git)",
 "log 0.1.10 (registry+https://github.com/rust-lang/crates.io-index)",
 "xml-rs 0.1.15 (registry+https://github.com/rust-lang/crates.io-index)",
]

[[package]]
name = "glfw"
version = "0.0.1"
source = "git+https://github.com/bjz/glfw-rs.git#9fe84688e16e758417de798ecf8000fa6a320476"
dependencies = [
 "bitflags 0.1.0 (registry+https://github.com/rust-lang/crates.io-index)",
 "glfw-sys 3.0.41 (registry+https://github.com/rust-lang/crates.io-index)",
 "libc 0.1.0 (registry+https://github.com/rust-lang/crates.io-index)",
 "log 0.1.10 (registry+https://github.com/rust-lang/crates.io-index)",
 "semver 0.1.13 (registry+https://github.com/rust-lang/crates.io-index)",
]

[[package]]
name = "glfw-sys"
version = "3.0.41"
source = "registry+https://github.com/rust-lang/crates.io-index"

[[package]]
name = "khronos_api"
version = "0.0.5"
source = "git+https://github.com/bjz/gl-rs.git#79933ec9beaf6aedeff8d7bafddadfde7d9d5021"

[[package]]
name = "libc"
version = "0.1.0"
source = "registry+https://github.com/rust-lang/crates.io-index"

[[package]]
name = "log"
version = "0.1.10"
source = "registry+https://github.com/rust-lang/crates.io-index"
dependencies = [
 "regex 0.1.10 (registry+https://github.com/rust-lang/crates.io-index)",
]

[[package]]
name = "regex"
version = "0.1.10"
source = "registry+https://github.com/rust-lang/crates.io-index"

[[package]]
name = "semver"
version = "0.1.13"
source = "registry+https://github.com/rust-lang/crates.io-index"

[[package]]
name = "xml-rs"
version = "0.1.15"
source = "registry+https://github.com/rust-lang/crates.io-index"
dependencies = [
 "bitflags 0.1.0 (registry+https://github.com/rust-lang/crates.io-index)",
]

